PODS:
  - BeKindRewind (0.9.2):
    - OHHTTPStubs (~> 4.7.1)
  - OHHTTPStubs (4.7.1):
    - OHHTTPStubs/Default (= 4.7.1)
  - OHHTTPStubs/Core (4.7.1)
  - OHHTTPStubs/Default (4.7.1):
    - OHHTTPStubs/Core
    - OHHTTPStubs/JSON
    - OHHTTPStubs/NSURLSession
    - OHHTTPStubs/OHPathHelpers
  - OHHTTPStubs/JSON (4.7.1):
    - OHHTTPStubs/Core
  - OHHTTPStubs/NSURLSession (4.7.1):
    - OHHTTPStubs/Core
  - OHHTTPStubs/OHPathHelpers (4.7.1)

DEPENDENCIES:
  - BeKindRewind (from `.`)

EXTERNAL SOURCES:
  BeKindRewind:
    :path: .

SPEC CHECKSUMS:
  BeKindRewind: 27bca25527d84e69f16348732a802bb5cdf990ba
  OHHTTPStubs: f7d1604d04d37d055460c0ef9af01bb249ded0fa

COCOAPODS: 0.39.0
