PODS:
  - BeKindRewind (0.6.0):
    - OHHTTPStubs (~> 4.7.0)
  - OHHTTPStubs (4.7.0):
    - OHHTTPStubs/Default (= 4.7.0)
  - OHHTTPStubs/Core (4.7.0)
  - OHHTTPStubs/Default (4.7.0):
    - OHHTTPStubs/Core
    - OHHTTPStubs/JSON
    - OHHTTPStubs/NSURLSession
    - OHHTTPStubs/OHPathHelpers
  - OHHTTPStubs/JSON (4.7.0):
    - OHHTTPStubs/Core
  - OHHTTPStubs/NSURLSession (4.7.0):
    - OHHTTPStubs/Core
  - OHHTTPStubs/OHPathHelpers (4.7.0)

DEPENDENCIES:
  - BeKindRewind (from `.`)

EXTERNAL SOURCES:
  BeKindRewind:
    :path: .

SPEC CHECKSUMS:
  BeKindRewind: beef2f42683845b3799e25bebdb4a3dfbc9e445c
  OHHTTPStubs: d2bf6a0f407620d67e75a1d3f12d86a2b1dd15c0

COCOAPODS: 0.39.0
