PODS:
  - BeKindRewind (0.9.6):
    - OHHTTPStubs (~> 5.0.0)
  - OHHTTPStubs (5.0.0):
    - OHHTTPStubs/Default (= 5.0.0)
  - OHHTTPStubs/Core (5.0.0)
  - OHHTTPStubs/Default (5.0.0):
    - OHHTTPStubs/Core
    - OHHTTPStubs/JSON
    - OHHTTPStubs/NSURLSession
    - OHHTTPStubs/OHPathHelpers
  - OHHTTPStubs/JSON (5.0.0):
    - OHHTTPStubs/Core
  - OHHTTPStubs/NSURLSession (5.0.0):
    - OHHTTPStubs/Core
  - OHHTTPStubs/OHPathHelpers (5.0.0)

DEPENDENCIES:
  - BeKindRewind (from `.`)

EXTERNAL SOURCES:
  BeKindRewind:
    :path: .

SPEC CHECKSUMS:
  BeKindRewind: 3f8f9a14df74af6c7362b7e3731accf482218f06
  OHHTTPStubs: a5d2e9eea07869d42ec03338325f398bc520e159

COCOAPODS: 0.39.0
