<?xml version="1.0" encoding="UTF-8"?>
<!DOCTYPE plist PUBLIC "-//Apple//DTD PLIST 1.0//EN" "http://www.apple.com/DTDs/PropertyList-1.0.dtd">
<plist version="1.0">
<dict>
	<key>archiveVersion</key>
	<string>1</string>
	<key>classes</key>
	<dict/>
	<key>objectVersion</key>
	<string>46</string>
	<key>objects</key>
	<dict>
		<key>1542F7361C8470327B11F598</key>
		<dict>
			<key>buildActionMask</key>
			<string>2147483647</string>
			<key>files</key>
			<array/>
			<key>inputPaths</key>
			<array/>
			<key>isa</key>
			<string>PBXShellScriptBuildPhase</string>
			<key>name</key>
			<string>Copy Pods Resources</string>
			<key>outputPaths</key>
			<array/>
			<key>runOnlyForDeploymentPostprocessing</key>
			<string>0</string>
			<key>shellPath</key>
			<string>/bin/sh</string>
			<key>shellScript</key>
			<string>"${SRCROOT}/../Pods/Target Support Files/Pods-BKR-Tests-iOS-ObjC/Pods-BKR-Tests-iOS-ObjC-resources.sh"
</string>
			<key>showEnvVarsInLog</key>
			<string>0</string>
		</dict>
		<key>2ABA0ED2BAFDF50ADCC348D3</key>
		<dict>
			<key>includeInIndex</key>
			<string>1</string>
			<key>isa</key>
			<string>PBXFileReference</string>
			<key>lastKnownFileType</key>
			<string>text</string>
			<key>name</key>
			<string>LICENSE</string>
			<key>path</key>
			<string>../LICENSE</string>
			<key>sourceTree</key>
			<string>&lt;group&gt;</string>
		</dict>
		<key>2CF67F92036653091FE00952</key>
		<dict>
			<key>includeInIndex</key>
			<string>1</string>
			<key>isa</key>
			<string>PBXFileReference</string>
			<key>lastKnownFileType</key>
			<string>text.xcconfig</string>
			<key>name</key>
			<string>Pods-BKR-Tests-iOS-ObjC.debug.xcconfig</string>
			<key>path</key>
			<string>../Pods/Target Support Files/Pods-BKR-Tests-iOS-ObjC/Pods-BKR-Tests-iOS-ObjC.debug.xcconfig</string>
			<key>sourceTree</key>
			<string>&lt;group&gt;</string>
		</dict>
		<key>31335A312D267E6CE0D04599</key>
		<dict>
			<key>buildActionMask</key>
			<string>2147483647</string>
			<key>files</key>
			<array/>
			<key>inputPaths</key>
			<array/>
			<key>isa</key>
			<string>PBXShellScriptBuildPhase</string>
			<key>name</key>
			<string>Check Pods Manifest.lock</string>
			<key>outputPaths</key>
			<array/>
			<key>runOnlyForDeploymentPostprocessing</key>
			<string>0</string>
			<key>shellPath</key>
			<string>/bin/sh</string>
			<key>shellScript</key>
			<string>diff "${PODS_ROOT}/../Podfile.lock" "${PODS_ROOT}/Manifest.lock" &gt; /dev/null
if [[ $? != 0 ]] ; then
    cat &lt;&lt; EOM
error: The sandbox is not in sync with the Podfile.lock. Run 'pod install' or update your CocoaPods installation.
EOM
    exit 1
fi
</string>
			<key>showEnvVarsInLog</key>
			<string>0</string>
		</dict>
		<key>46FDC6D62117BCC2DBD07745</key>
		<dict>
			<key>includeInIndex</key>
			<string>1</string>
			<key>isa</key>
			<string>PBXFileReference</string>
			<key>lastKnownFileType</key>
			<string>text</string>
			<key>name</key>
			<string>BeKindRewind.podspec</string>
			<key>path</key>
			<string>../BeKindRewind.podspec</string>
			<key>sourceTree</key>
			<string>&lt;group&gt;</string>
		</dict>
		<key>4D2A9743CBA46BB14A7BC2BF</key>
		<dict>
			<key>explicitFileType</key>
			<string>wrapper.framework</string>
			<key>includeInIndex</key>
			<string>0</string>
			<key>isa</key>
			<string>PBXFileReference</string>
			<key>path</key>
			<string>Pods_BKR_Tests_iOS_ObjC.framework</string>
			<key>sourceTree</key>
			<string>BUILT_PRODUCTS_DIR</string>
		</dict>
		<key>51062DB31CAD8CF200656AC5</key>
		<dict>
			<key>fileEncoding</key>
			<string>4</string>
			<key>isa</key>
			<string>PBXFileReference</string>
			<key>lastKnownFileType</key>
			<string>net.daringfireball.markdown</string>
			<key>name</key>
			<string>CHANGELOG.md</string>
			<key>path</key>
			<string>../CHANGELOG.md</string>
			<key>sourceTree</key>
			<string>&lt;group&gt;</string>
		</dict>
		<key>51062DF51CAEE98000656AC5</key>
		<dict>
			<key>fileEncoding</key>
			<string>4</string>
			<key>isa</key>
			<string>PBXFileReference</string>
			<key>lastKnownFileType</key>
			<string>text.plist.xml</string>
			<key>path</key>
			<string>testPlayingRedirectRequest.plist</string>
			<key>sourceTree</key>
			<string>&lt;group&gt;</string>
		</dict>
		<key>51062DF61CAEE98000656AC5</key>
		<dict>
			<key>fileRef</key>
			<string>51062DF51CAEE98000656AC5</string>
			<key>isa</key>
			<string>PBXBuildFile</string>
		</dict>
		<key>51062E051CAEEC7F00656AC5</key>
		<dict>
			<key>fileRef</key>
			<string>51CEB9D21C4EBF000030A02D</string>
			<key>isa</key>
			<string>PBXBuildFile</string>
		</dict>
		<key>51062E061CAEEC7F00656AC5</key>
		<dict>
			<key>fileRef</key>
			<string>51B9B95A1C52FA35006156C2</string>
			<key>isa</key>
			<string>PBXBuildFile</string>
		</dict>
		<key>51062E071CAEEC7F00656AC5</key>
		<dict>
			<key>fileRef</key>
			<string>518436C01C6D1A4B006B5A07</string>
			<key>isa</key>
			<string>PBXBuildFile</string>
		</dict>
		<key>51062E081CAEEC7F00656AC5</key>
		<dict>
			<key>fileRef</key>
			<string>975674DF1C72C88300922EC6</string>
			<key>isa</key>
			<string>PBXBuildFile</string>
		</dict>
		<key>51062E091CAEEC7F00656AC5</key>
		<dict>
			<key>fileRef</key>
			<string>51B9BA041C59FFE8006156C2</string>
			<key>isa</key>
			<string>PBXBuildFile</string>
		</dict>
		<key>51062E0A1CAEEC7F00656AC5</key>
		<dict>
			<key>fileRef</key>
			<string>51B9B9C61C57E802006156C2</string>
			<key>isa</key>
			<string>PBXBuildFile</string>
		</dict>
		<key>51062E0B1CAEEC7F00656AC5</key>
		<dict>
			<key>fileRef</key>
			<string>515C56611C7FF7FB00691220</string>
			<key>isa</key>
			<string>PBXBuildFile</string>
		</dict>
		<key>51062E0C1CAEEC7F00656AC5</key>
		<dict>
			<key>fileRef</key>
			<string>51B9B9D51C57F5D3006156C2</string>
			<key>isa</key>
			<string>PBXBuildFile</string>
		</dict>
		<key>51062E0D1CAEEC7F00656AC5</key>
		<dict>
			<key>fileRef</key>
			<string>51B9B9DB1C58211A006156C2</string>
			<key>isa</key>
			<string>PBXBuildFile</string>
		</dict>
		<key>51062E0E1CAEEC7F00656AC5</key>
		<dict>
			<key>fileRef</key>
			<string>515C56371C7EDE1100691220</string>
			<key>isa</key>
			<string>PBXBuildFile</string>
		</dict>
		<key>51062E0F1CAEEC7F00656AC5</key>
		<dict>
			<key>fileRef</key>
			<string>51AFECDD1C98872800AF6670</string>
			<key>isa</key>
			<string>PBXBuildFile</string>
		</dict>
		<key>51062E101CAEEC7F00656AC5</key>
		<dict>
			<key>fileRef</key>
			<string>515C56391C7EDE1B00691220</string>
			<key>isa</key>
			<string>PBXBuildFile</string>
		</dict>
		<key>51062E111CAEEC7F00656AC5</key>
		<dict>
			<key>fileRef</key>
			<string>51A6B6FA1C7AE3A20063902F</string>
			<key>isa</key>
			<string>PBXBuildFile</string>
		</dict>
		<key>51062E121CAEEC7F00656AC5</key>
		<dict>
			<key>fileRef</key>
			<string>51B9B9DF1C598572006156C2</string>
			<key>isa</key>
			<string>PBXBuildFile</string>
		</dict>
		<key>51062E131CAEEC7F00656AC5</key>
		<dict>
			<key>fileRef</key>
			<string>51A668C21C83D1C200476A5F</string>
			<key>isa</key>
			<string>PBXBuildFile</string>
		</dict>
		<key>51062E141CAEEC8600656AC5</key>
		<dict>
			<key>fileRef</key>
			<string>515E36001C73B40B00058D74</string>
			<key>isa</key>
			<string>PBXBuildFile</string>
		</dict>
		<key>51062E151CAEEC8A00656AC5</key>
		<dict>
			<key>fileRef</key>
			<string>515C56661C7FF82400691220</string>
			<key>isa</key>
			<string>PBXBuildFile</string>
		</dict>
		<key>51062E161CAEEC8F00656AC5</key>
		<dict>
			<key>fileRef</key>
			<string>51B9B9751C55F8C9006156C2</string>
			<key>isa</key>
			<string>PBXBuildFile</string>
		</dict>
		<key>51062E171CAEEC9200656AC5</key>
		<dict>
			<key>fileRef</key>
			<string>515C563B1C7EE50800691220</string>
			<key>isa</key>
			<string>PBXBuildFile</string>
		</dict>
		<key>51062E181CAEEC9500656AC5</key>
		<dict>
			<key>fileRef</key>
			<string>515C56311C7E8B8800691220</string>
			<key>isa</key>
			<string>PBXBuildFile</string>
		</dict>
		<key>51062E191CAEEC9900656AC5</key>
		<dict>
			<key>fileRef</key>
			<string>518436CC1C6D7717006B5A07</string>
			<key>isa</key>
			<string>PBXBuildFile</string>
		</dict>
		<key>51062E1A1CAEECAD00656AC5</key>
		<dict>
			<key>fileRef</key>
			<string>51062DF51CAEE98000656AC5</string>
			<key>isa</key>
			<string>PBXBuildFile</string>
		</dict>
		<key>51062E1B1CAEECAD00656AC5</key>
		<dict>
			<key>fileRef</key>
			<string>518436CD1C6D7717006B5A07</string>
			<key>isa</key>
			<string>PBXBuildFile</string>
		</dict>
		<key>51062E1C1CAEECAD00656AC5</key>
		<dict>
			<key>fileRef</key>
			<string>51A668C51C865FE800476A5F</string>
			<key>isa</key>
			<string>PBXBuildFile</string>
		</dict>
		<key>51062E1D1CAEECAD00656AC5</key>
		<dict>
			<key>fileRef</key>
			<string>518436CE1C6D7717006B5A07</string>
			<key>isa</key>
			<string>PBXBuildFile</string>
		</dict>
		<key>51062E1E1CAEECAD00656AC5</key>
		<dict>
			<key>fileRef</key>
			<string>518436CF1C6D7717006B5A07</string>
			<key>isa</key>
			<string>PBXBuildFile</string>
		</dict>
		<key>51062E1F1CAEECAD00656AC5</key>
		<dict>
			<key>fileRef</key>
			<string>518436D01C6D7717006B5A07</string>
			<key>isa</key>
			<string>PBXBuildFile</string>
		</dict>
		<key>51062E201CAEECAD00656AC5</key>
		<dict>
			<key>fileRef</key>
			<string>51A6B6F81C788CFD0063902F</string>
			<key>isa</key>
			<string>PBXBuildFile</string>
		</dict>
		<key>51062E211CAEECAD00656AC5</key>
		<dict>
			<key>fileRef</key>
			<string>515C56681C81181D00691220</string>
			<key>isa</key>
			<string>PBXBuildFile</string>
		</dict>
		<key>51062E221CAEECB300656AC5</key>
		<dict>
			<key>fileRef</key>
			<string>51A6B6F41C788BEC0063902F</string>
			<key>isa</key>
			<string>PBXBuildFile</string>
		</dict>
		<key>51062E231CAEECB300656AC5</key>
		<dict>
			<key>fileRef</key>
			<string>51A6B6F51C788BEC0063902F</string>
			<key>isa</key>
			<string>PBXBuildFile</string>
		</dict>
		<key>51062E241CAEECB600656AC5</key>
		<dict>
			<key>fileRef</key>
			<string>51B9B9D91C57F918006156C2</string>
			<key>isa</key>
			<string>PBXBuildFile</string>
		</dict>
		<key>51062E251CAEECB800656AC5</key>
		<dict>
			<key>fileRef</key>
			<string>51B9B9D71C57F674006156C2</string>
			<key>isa</key>
			<string>PBXBuildFile</string>
		</dict>
		<key>51062E261CAEECBB00656AC5</key>
		<dict>
			<key>fileRef</key>
			<string>51B9B9CD1C57ECAB006156C2</string>
			<key>isa</key>
			<string>PBXBuildFile</string>
		</dict>
		<key>51062E271CAEECBE00656AC5</key>
		<dict>
			<key>fileRef</key>
			<string>51B9B9D11C57EEC9006156C2</string>
			<key>isa</key>
			<string>PBXBuildFile</string>
		</dict>
		<key>51062E281CAEECC000656AC5</key>
		<dict>
			<key>fileRef</key>
			<string>51B9B9D31C57EED8006156C2</string>
			<key>isa</key>
			<string>PBXBuildFile</string>
		</dict>
		<key>515C56311C7E8B8800691220</key>
		<dict>
			<key>isa</key>
			<string>PBXFileReference</string>
			<key>lastKnownFileType</key>
			<string>wrapper.plug-in</string>
			<key>path</key>
			<string>BKRDefaultTestCase.bundle</string>
			<key>sourceTree</key>
			<string>&lt;group&gt;</string>
		</dict>
		<key>515C56321C7E8B8800691220</key>
		<dict>
			<key>fileRef</key>
			<string>515C56311C7E8B8800691220</string>
			<key>isa</key>
			<string>PBXBuildFile</string>
		</dict>
		<key>515C56371C7EDE1100691220</key>
		<dict>
			<key>fileEncoding</key>
			<string>4</string>
			<key>isa</key>
			<string>PBXFileReference</string>
			<key>lastKnownFileType</key>
			<string>sourcecode.c.objc</string>
			<key>path</key>
			<string>BKRRecorderTestCase.m</string>
			<key>sourceTree</key>
			<string>&lt;group&gt;</string>
		</dict>
		<key>515C56381C7EDE1100691220</key>
		<dict>
			<key>fileRef</key>
			<string>515C56371C7EDE1100691220</string>
			<key>isa</key>
			<string>PBXBuildFile</string>
		</dict>
		<key>515C56391C7EDE1B00691220</key>
		<dict>
			<key>fileEncoding</key>
			<string>4</string>
			<key>isa</key>
			<string>PBXFileReference</string>
			<key>lastKnownFileType</key>
			<string>sourcecode.c.objc</string>
			<key>path</key>
			<string>BKRPlayerTestCase.m</string>
			<key>sourceTree</key>
			<string>&lt;group&gt;</string>
		</dict>
		<key>515C563A1C7EDE1B00691220</key>
		<dict>
			<key>fileRef</key>
			<string>515C56391C7EDE1B00691220</string>
			<key>isa</key>
			<string>PBXBuildFile</string>
		</dict>
		<key>515C563B1C7EE50800691220</key>
		<dict>
			<key>isa</key>
			<string>PBXFileReference</string>
			<key>lastKnownFileType</key>
			<string>wrapper.plug-in</string>
			<key>path</key>
			<string>BKRPlayingTestCase.bundle</string>
			<key>sourceTree</key>
			<string>&lt;group&gt;</string>
		</dict>
		<key>515C563C1C7EE50800691220</key>
		<dict>
			<key>fileRef</key>
			<string>515C563B1C7EE50800691220</string>
			<key>isa</key>
			<string>PBXBuildFile</string>
		</dict>
		<key>515C56611C7FF7FB00691220</key>
		<dict>
			<key>fileEncoding</key>
			<string>4</string>
			<key>isa</key>
			<string>PBXFileReference</string>
			<key>lastKnownFileType</key>
			<string>sourcecode.c.objc</string>
			<key>path</key>
			<string>BKRPlayheadMatcherTestCase.m</string>
			<key>sourceTree</key>
			<string>&lt;group&gt;</string>
		</dict>
		<key>515C56621C7FF7FB00691220</key>
		<dict>
			<key>fileRef</key>
			<string>515C56611C7FF7FB00691220</string>
			<key>isa</key>
			<string>PBXBuildFile</string>
		</dict>
		<key>515C56651C7FF82400691220</key>
		<dict>
			<key>fileEncoding</key>
			<string>4</string>
			<key>isa</key>
			<string>PBXFileReference</string>
			<key>lastKnownFileType</key>
			<string>sourcecode.c.h</string>
			<key>path</key>
			<string>BKRMatcherTestCase.h</string>
			<key>sourceTree</key>
			<string>&lt;group&gt;</string>
		</dict>
		<key>515C56661C7FF82400691220</key>
		<dict>
			<key>fileEncoding</key>
			<string>4</string>
			<key>isa</key>
			<string>PBXFileReference</string>
			<key>lastKnownFileType</key>
			<string>sourcecode.c.objc</string>
			<key>path</key>
			<string>BKRMatcherTestCase.m</string>
			<key>sourceTree</key>
			<string>&lt;group&gt;</string>
		</dict>
		<key>515C56671C7FF82400691220</key>
		<dict>
			<key>fileRef</key>
			<string>515C56661C7FF82400691220</string>
			<key>isa</key>
			<string>PBXBuildFile</string>
		</dict>
		<key>515C56681C81181D00691220</key>
		<dict>
			<key>fileEncoding</key>
			<string>4</string>
			<key>isa</key>
			<string>PBXFileReference</string>
			<key>lastKnownFileType</key>
			<string>text.plist.xml</string>
			<key>path</key>
			<string>testPlayingTwoSimultaneousGETRequests.plist</string>
			<key>sourceTree</key>
			<string>&lt;group&gt;</string>
		</dict>
		<key>515C56691C81181D00691220</key>
		<dict>
			<key>fileRef</key>
			<string>515C56681C81181D00691220</string>
			<key>isa</key>
			<string>PBXBuildFile</string>
		</dict>
		<key>515E35FF1C73B40B00058D74</key>
		<dict>
			<key>fileEncoding</key>
			<string>4</string>
			<key>isa</key>
			<string>PBXFileReference</string>
			<key>lastKnownFileType</key>
			<string>sourcecode.c.h</string>
			<key>path</key>
			<string>XCTestCase+BKRHelpers.h</string>
			<key>sourceTree</key>
			<string>&lt;group&gt;</string>
		</dict>
		<key>515E36001C73B40B00058D74</key>
		<dict>
			<key>fileEncoding</key>
			<string>4</string>
			<key>isa</key>
			<string>PBXFileReference</string>
			<key>lastKnownFileType</key>
			<string>sourcecode.c.objc</string>
			<key>path</key>
			<string>XCTestCase+BKRHelpers.m</string>
			<key>sourceTree</key>
			<string>&lt;group&gt;</string>
		</dict>
		<key>515E36011C73B40B00058D74</key>
		<dict>
			<key>fileRef</key>
			<string>515E36001C73B40B00058D74</string>
			<key>isa</key>
			<string>PBXBuildFile</string>
		</dict>
		<key>518436C01C6D1A4B006B5A07</key>
		<dict>
			<key>fileEncoding</key>
			<string>4</string>
			<key>isa</key>
			<string>PBXFileReference</string>
			<key>lastKnownFileType</key>
			<string>sourcecode.c.objc</string>
			<key>path</key>
			<string>BKRPlayableVCRTestCase.m</string>
			<key>sourceTree</key>
			<string>&lt;group&gt;</string>
		</dict>
		<key>518436C11C6D1A4B006B5A07</key>
		<dict>
			<key>fileRef</key>
			<string>518436C01C6D1A4B006B5A07</string>
			<key>isa</key>
			<string>PBXBuildFile</string>
		</dict>
		<key>518436CC1C6D7717006B5A07</key>
		<dict>
			<key>fileEncoding</key>
			<string>4</string>
			<key>isa</key>
			<string>PBXFileReference</string>
			<key>lastKnownFileType</key>
			<string>text.plist.xml</string>
			<key>path</key>
			<string>testPlayingMultipleGETRequests.plist</string>
			<key>sourceTree</key>
			<string>&lt;group&gt;</string>
		</dict>
		<key>518436CD1C6D7717006B5A07</key>
		<dict>
			<key>fileEncoding</key>
			<string>4</string>
			<key>isa</key>
			<string>PBXFileReference</string>
			<key>lastKnownFileType</key>
			<string>text.plist.xml</string>
			<key>path</key>
			<string>testPlayingOneCancelledGETRequest.plist</string>
			<key>sourceTree</key>
			<string>&lt;group&gt;</string>
		</dict>
		<key>518436CE1C6D7717006B5A07</key>
		<dict>
			<key>fileEncoding</key>
			<string>4</string>
			<key>isa</key>
			<string>PBXFileReference</string>
			<key>lastKnownFileType</key>
			<string>text.plist.xml</string>
			<key>path</key>
			<string>testPlayingOneGETRequest.plist</string>
			<key>sourceTree</key>
			<string>&lt;group&gt;</string>
		</dict>
		<key>518436CF1C6D7717006B5A07</key>
		<dict>
			<key>fileEncoding</key>
			<string>4</string>
			<key>isa</key>
			<string>PBXFileReference</string>
			<key>lastKnownFileType</key>
			<string>text.plist.xml</string>
			<key>path</key>
			<string>testPlayingOnePOSTRequest.plist</string>
			<key>sourceTree</key>
			<string>&lt;group&gt;</string>
		</dict>
		<key>518436D01C6D7717006B5A07</key>
		<dict>
			<key>fileEncoding</key>
			<string>4</string>
			<key>isa</key>
			<string>PBXFileReference</string>
			<key>lastKnownFileType</key>
			<string>text.plist.xml</string>
			<key>path</key>
			<string>testPlayingTwoConsecutiveGETRequestsWithSameRequestURLAndDifferentResponses.plist</string>
			<key>sourceTree</key>
			<string>&lt;group&gt;</string>
		</dict>
		<key>518436D11C6D7717006B5A07</key>
		<dict>
			<key>fileRef</key>
			<string>518436CC1C6D7717006B5A07</string>
			<key>isa</key>
			<string>PBXBuildFile</string>
		</dict>
		<key>518436D21C6D7717006B5A07</key>
		<dict>
			<key>fileRef</key>
			<string>518436CD1C6D7717006B5A07</string>
			<key>isa</key>
			<string>PBXBuildFile</string>
		</dict>
		<key>518436D31C6D7717006B5A07</key>
		<dict>
			<key>fileRef</key>
			<string>518436CE1C6D7717006B5A07</string>
			<key>isa</key>
			<string>PBXBuildFile</string>
		</dict>
		<key>518436D41C6D7717006B5A07</key>
		<dict>
			<key>fileRef</key>
			<string>518436CF1C6D7717006B5A07</string>
			<key>isa</key>
			<string>PBXBuildFile</string>
		</dict>
		<key>518436D51C6D7717006B5A07</key>
		<dict>
			<key>fileRef</key>
			<string>518436D01C6D7717006B5A07</string>
			<key>isa</key>
			<string>PBXBuildFile</string>
		</dict>
		<key>51A668C21C83D1C200476A5F</key>
		<dict>
			<key>fileEncoding</key>
			<string>4</string>
			<key>isa</key>
			<string>PBXFileReference</string>
			<key>lastKnownFileType</key>
			<string>sourcecode.c.objc</string>
			<key>path</key>
			<string>BeKindRewindExampleTestCase.m</string>
			<key>sourceTree</key>
			<string>&lt;group&gt;</string>
		</dict>
		<key>51A668C31C83D1C200476A5F</key>
		<dict>
			<key>fileRef</key>
			<string>51A668C21C83D1C200476A5F</string>
			<key>isa</key>
			<string>PBXBuildFile</string>
		</dict>
		<key>51A668C51C865FE800476A5F</key>
		<dict>
			<key>fileEncoding</key>
			<string>4</string>
			<key>isa</key>
			<string>PBXFileReference</string>
			<key>lastKnownFileType</key>
			<string>text.plist.xml</string>
			<key>path</key>
			<string>testPlayingChunkedDataRequest.plist</string>
			<key>sourceTree</key>
			<string>&lt;group&gt;</string>
		</dict>
		<key>51A668C61C865FE900476A5F</key>
		<dict>
			<key>fileRef</key>
			<string>51A668C51C865FE800476A5F</string>
			<key>isa</key>
			<string>PBXBuildFile</string>
		</dict>
		<key>51A6B6F41C788BEC0063902F</key>
		<dict>
			<key>fileEncoding</key>
			<string>4</string>
			<key>isa</key>
			<string>PBXFileReference</string>
			<key>lastKnownFileType</key>
			<string>text.plist.xml</string>
			<key>path</key>
			<string>testPlayingOffThenOn.plist</string>
			<key>sourceTree</key>
			<string>&lt;group&gt;</string>
		</dict>
		<key>51A6B6F51C788BEC0063902F</key>
		<dict>
			<key>fileEncoding</key>
			<string>4</string>
			<key>isa</key>
			<string>PBXFileReference</string>
			<key>lastKnownFileType</key>
			<string>text.plist.xml</string>
			<key>path</key>
			<string>testPlayingOnThenOff.plist</string>
			<key>sourceTree</key>
			<string>&lt;group&gt;</string>
		</dict>
		<key>51A6B6F61C788BEC0063902F</key>
		<dict>
			<key>fileRef</key>
			<string>51A6B6F41C788BEC0063902F</string>
			<key>isa</key>
			<string>PBXBuildFile</string>
		</dict>
		<key>51A6B6F71C788BEC0063902F</key>
		<dict>
			<key>fileRef</key>
			<string>51A6B6F51C788BEC0063902F</string>
			<key>isa</key>
			<string>PBXBuildFile</string>
		</dict>
		<key>51A6B6F81C788CFD0063902F</key>
		<dict>
			<key>fileEncoding</key>
			<string>4</string>
			<key>isa</key>
			<string>PBXFileReference</string>
			<key>lastKnownFileType</key>
			<string>text.plist.xml</string>
			<key>path</key>
			<string>testPlayingNoMockingWhenVCRIsNotSentPlay.plist</string>
			<key>sourceTree</key>
			<string>&lt;group&gt;</string>
		</dict>
		<key>51A6B6F91C788CFD0063902F</key>
		<dict>
			<key>fileRef</key>
			<string>51A6B6F81C788CFD0063902F</string>
			<key>isa</key>
			<string>PBXBuildFile</string>
		</dict>
		<key>51A6B6FA1C7AE3A20063902F</key>
		<dict>
			<key>fileEncoding</key>
			<string>4</string>
			<key>isa</key>
			<string>PBXFileReference</string>
			<key>lastKnownFileType</key>
			<string>sourcecode.c.objc</string>
			<key>path</key>
			<string>BKRTestVCRTestCase.m</string>
			<key>sourceTree</key>
			<string>&lt;group&gt;</string>
		</dict>
		<key>51A6B6FB1C7AE3A20063902F</key>
		<dict>
			<key>fileRef</key>
			<string>51A6B6FA1C7AE3A20063902F</string>
			<key>isa</key>
			<string>PBXBuildFile</string>
		</dict>
		<key>51AFECDD1C98872800AF6670</key>
		<dict>
			<key>fileEncoding</key>
			<string>4</string>
			<key>isa</key>
			<string>PBXFileReference</string>
			<key>lastKnownFileType</key>
			<string>sourcecode.c.objc</string>
			<key>path</key>
			<string>BKRNSURLRequestAdditionsTestCase.m</string>
			<key>sourceTree</key>
			<string>&lt;group&gt;</string>
		</dict>
		<key>51AFECDE1C98872800AF6670</key>
		<dict>
			<key>fileRef</key>
			<string>51AFECDD1C98872800AF6670</string>
			<key>isa</key>
			<string>PBXBuildFile</string>
		</dict>
		<key>51B9B9361C50D448006156C2</key>
		<dict>
			<key>buildActionMask</key>
			<string>2147483647</string>
			<key>files</key>
			<array>
				<string>51062E151CAEEC8A00656AC5</string>
				<string>51062E071CAEEC7F00656AC5</string>
				<string>51062E0E1CAEEC7F00656AC5</string>
				<string>51062E0B1CAEEC7F00656AC5</string>
				<string>51062E121CAEEC7F00656AC5</string>
				<string>51062E0C1CAEEC7F00656AC5</string>
				<string>51062E091CAEEC7F00656AC5</string>
				<string>51062E141CAEEC8600656AC5</string>
				<string>51062E0D1CAEEC7F00656AC5</string>
				<string>51062E131CAEEC7F00656AC5</string>
				<string>51062E101CAEEC7F00656AC5</string>
				<string>51062E111CAEEC7F00656AC5</string>
				<string>51062E0F1CAEEC7F00656AC5</string>
				<string>51062E0A1CAEEC7F00656AC5</string>
				<string>51062E161CAEEC8F00656AC5</string>
				<string>51062E061CAEEC7F00656AC5</string>
				<string>51062E081CAEEC7F00656AC5</string>
				<string>51062E051CAEEC7F00656AC5</string>
			</array>
			<key>isa</key>
			<string>PBXSourcesBuildPhase</string>
			<key>runOnlyForDeploymentPostprocessing</key>
			<string>0</string>
		</dict>
		<key>51B9B9371C50D448006156C2</key>
		<dict>
			<key>buildActionMask</key>
			<string>2147483647</string>
			<key>files</key>
			<array>
				<string>932A9B0ED138941B490572C9</string>
			</array>
			<key>isa</key>
			<string>PBXFrameworksBuildPhase</string>
			<key>runOnlyForDeploymentPostprocessing</key>
			<string>0</string>
		</dict>
		<key>51B9B9381C50D448006156C2</key>
		<dict>
			<key>buildActionMask</key>
			<string>2147483647</string>
			<key>files</key>
			<array>
				<string>51062E171CAEEC9200656AC5</string>
				<string>51062E181CAEEC9500656AC5</string>
				<string>51062E271CAEECBE00656AC5</string>
				<string>51062E281CAEECC000656AC5</string>
				<string>51062E1A1CAEECAD00656AC5</string>
				<string>51062E1D1CAEECAD00656AC5</string>
				<string>51062E251CAEECB800656AC5</string>
				<string>51062E191CAEEC9900656AC5</string>
				<string>51062E261CAEECBB00656AC5</string>
				<string>51062E1C1CAEECAD00656AC5</string>
				<string>51062E1F1CAEECAD00656AC5</string>
				<string>51062E221CAEECB300656AC5</string>
				<string>51062E1E1CAEECAD00656AC5</string>
				<string>51062E211CAEECAD00656AC5</string>
				<string>51062E1B1CAEECAD00656AC5</string>
				<string>51062E231CAEECB300656AC5</string>
				<string>51062E201CAEECAD00656AC5</string>
				<string>51062E241CAEECB600656AC5</string>
			</array>
			<key>isa</key>
			<string>PBXResourcesBuildPhase</string>
			<key>runOnlyForDeploymentPostprocessing</key>
			<string>0</string>
		</dict>
		<key>51B9B9391C50D448006156C2</key>
		<dict>
			<key>buildConfigurationList</key>
			<string>51B9B9411C50D448006156C2</string>
			<key>buildPhases</key>
			<array>
				<string>F9824C150467B91D2DE9C94E</string>
				<string>51B9B9361C50D448006156C2</string>
				<string>51B9B9371C50D448006156C2</string>
				<string>51B9B9381C50D448006156C2</string>
				<string>AD56995300BE85B38547541B</string>
				<string>B7046997524CCC2D7C41AE0E</string>
			</array>
			<key>buildRules</key>
			<array/>
			<key>dependencies</key>
			<array/>
			<key>isa</key>
			<string>PBXNativeTarget</string>
			<key>name</key>
			<string>BKR-Tests-OSX-ObjC</string>
			<key>productName</key>
			<string>BKR-Tests-OSX-ObjC</string>
			<key>productReference</key>
			<string>51B9B93A1C50D448006156C2</string>
			<key>productType</key>
			<string>com.apple.product-type.bundle.unit-test</string>
		</dict>
		<key>51B9B93A1C50D448006156C2</key>
		<dict>
			<key>explicitFileType</key>
			<string>wrapper.cfbundle</string>
			<key>includeInIndex</key>
			<string>0</string>
			<key>isa</key>
			<string>PBXFileReference</string>
			<key>path</key>
			<string>BKR-Tests-OSX-ObjC.xctest</string>
			<key>sourceTree</key>
			<string>BUILT_PRODUCTS_DIR</string>
		</dict>
		<key>51B9B93B1C50D448006156C2</key>
		<dict>
			<key>children</key>
			<array>
				<string>51B9B93E1C50D448006156C2</string>
			</array>
			<key>isa</key>
			<string>PBXGroup</string>
			<key>path</key>
			<string>BKR-Tests-OSX-ObjC</string>
			<key>sourceTree</key>
			<string>&lt;group&gt;</string>
		</dict>
		<key>51B9B93E1C50D448006156C2</key>
		<dict>
			<key>isa</key>
			<string>PBXFileReference</string>
			<key>lastKnownFileType</key>
			<string>text.plist.xml</string>
			<key>path</key>
			<string>Info.plist</string>
			<key>sourceTree</key>
			<string>&lt;group&gt;</string>
		</dict>
		<key>51B9B93F1C50D448006156C2</key>
		<dict>
			<key>baseConfigurationReference</key>
			<string>5EC1504EB70BFA38F3CA6049</string>
			<key>buildSettings</key>
			<dict>
				<key>CLANG_WARN_UNREACHABLE_CODE</key>
				<string>YES</string>
				<key>CODE_SIGN_IDENTITY</key>
				<string>-</string>
				<key>COMBINE_HIDPI_IMAGES</key>
				<string>YES</string>
				<key>DEBUG_INFORMATION_FORMAT</key>
				<string>dwarf</string>
				<key>ENABLE_STRICT_OBJC_MSGSEND</key>
				<string>YES</string>
				<key>GCC_NO_COMMON_BLOCKS</key>
				<string>YES</string>
				<key>INFOPLIST_FILE</key>
				<string>BKR-Tests-OSX-ObjC/Info.plist</string>
				<key>LD_RUNPATH_SEARCH_PATHS</key>
				<string>$(inherited) @executable_path/../Frameworks @loader_path/../Frameworks</string>
				<key>MACOSX_DEPLOYMENT_TARGET</key>
				<string>10.11</string>
				<key>MTL_ENABLE_DEBUG_INFO</key>
				<string>YES</string>
				<key>PRODUCT_BUNDLE_IDENTIFIER</key>
				<string>stanera.BKR-Tests-OSX-ObjC</string>
				<key>PRODUCT_NAME</key>
				<string>$(TARGET_NAME)</string>
				<key>SDKROOT</key>
				<string>macosx</string>
			</dict>
			<key>isa</key>
			<string>XCBuildConfiguration</string>
			<key>name</key>
			<string>Debug</string>
		</dict>
		<key>51B9B9401C50D448006156C2</key>
		<dict>
			<key>baseConfigurationReference</key>
			<string>C4B6C73ABA6204D935C810C1</string>
			<key>buildSettings</key>
			<dict>
				<key>CLANG_WARN_UNREACHABLE_CODE</key>
				<string>YES</string>
				<key>CODE_SIGN_IDENTITY</key>
				<string>-</string>
				<key>COMBINE_HIDPI_IMAGES</key>
				<string>YES</string>
				<key>COPY_PHASE_STRIP</key>
				<string>NO</string>
				<key>DEBUG_INFORMATION_FORMAT</key>
				<string>dwarf-with-dsym</string>
				<key>ENABLE_STRICT_OBJC_MSGSEND</key>
				<string>YES</string>
				<key>GCC_NO_COMMON_BLOCKS</key>
				<string>YES</string>
				<key>INFOPLIST_FILE</key>
				<string>BKR-Tests-OSX-ObjC/Info.plist</string>
				<key>LD_RUNPATH_SEARCH_PATHS</key>
				<string>$(inherited) @executable_path/../Frameworks @loader_path/../Frameworks</string>
				<key>MACOSX_DEPLOYMENT_TARGET</key>
				<string>10.11</string>
				<key>MTL_ENABLE_DEBUG_INFO</key>
				<string>NO</string>
				<key>PRODUCT_BUNDLE_IDENTIFIER</key>
				<string>stanera.BKR-Tests-OSX-ObjC</string>
				<key>PRODUCT_NAME</key>
				<string>$(TARGET_NAME)</string>
				<key>SDKROOT</key>
				<string>macosx</string>
			</dict>
			<key>isa</key>
			<string>XCBuildConfiguration</string>
			<key>name</key>
			<string>Release</string>
		</dict>
		<key>51B9B9411C50D448006156C2</key>
		<dict>
			<key>buildConfigurations</key>
			<array>
				<string>51B9B93F1C50D448006156C2</string>
				<string>51B9B9401C50D448006156C2</string>
			</array>
			<key>defaultConfigurationIsVisible</key>
			<string>0</string>
			<key>defaultConfigurationName</key>
			<string>Release</string>
			<key>isa</key>
			<string>XCConfigurationList</string>
		</dict>
		<key>51B9B95A1C52FA35006156C2</key>
		<dict>
			<key>fileEncoding</key>
			<string>4</string>
			<key>isa</key>
			<string>PBXFileReference</string>
			<key>lastKnownFileType</key>
			<string>sourcecode.c.objc</string>
			<key>path</key>
			<string>BKRPlayingTestCase.m</string>
			<key>sourceTree</key>
			<string>&lt;group&gt;</string>
		</dict>
		<key>51B9B95B1C52FA35006156C2</key>
		<dict>
			<key>fileRef</key>
			<string>51B9B95A1C52FA35006156C2</string>
			<key>isa</key>
			<string>PBXBuildFile</string>
		</dict>
		<key>51B9B9741C55F8C9006156C2</key>
		<dict>
			<key>fileEncoding</key>
			<string>4</string>
			<key>isa</key>
			<string>PBXFileReference</string>
			<key>lastKnownFileType</key>
			<string>sourcecode.c.h</string>
			<key>path</key>
			<string>BKRBaseTestCase.h</string>
			<key>sourceTree</key>
			<string>&lt;group&gt;</string>
		</dict>
		<key>51B9B9751C55F8C9006156C2</key>
		<dict>
			<key>fileEncoding</key>
			<string>4</string>
			<key>isa</key>
			<string>PBXFileReference</string>
			<key>lastKnownFileType</key>
			<string>sourcecode.c.objc</string>
			<key>path</key>
			<string>BKRBaseTestCase.m</string>
			<key>sourceTree</key>
			<string>&lt;group&gt;</string>
		</dict>
		<key>51B9B9761C55F8C9006156C2</key>
		<dict>
			<key>fileRef</key>
			<string>51B9B9751C55F8C9006156C2</string>
			<key>isa</key>
			<string>PBXBuildFile</string>
		</dict>
		<key>51B9B9C61C57E802006156C2</key>
		<dict>
			<key>fileEncoding</key>
			<string>4</string>
			<key>isa</key>
			<string>PBXFileReference</string>
			<key>lastKnownFileType</key>
			<string>sourcecode.c.objc</string>
			<key>path</key>
			<string>BKRFilePathHelperTestCase.m</string>
			<key>sourceTree</key>
			<string>&lt;group&gt;</string>
		</dict>
		<key>51B9B9C71C57E802006156C2</key>
		<dict>
			<key>fileRef</key>
			<string>51B9B9C61C57E802006156C2</string>
			<key>isa</key>
			<string>PBXBuildFile</string>
		</dict>
		<key>51B9B9CC1C57EA46006156C2</key>
		<dict>
			<key>children</key>
			<array>
				<string>515C563B1C7EE50800691220</string>
				<string>515C56311C7E8B8800691220</string>
				<string>518436CC1C6D7717006B5A07</string>
				<string>51062DF51CAEE98000656AC5</string>
				<string>518436CD1C6D7717006B5A07</string>
				<string>51A668C51C865FE800476A5F</string>
				<string>518436CE1C6D7717006B5A07</string>
				<string>518436CF1C6D7717006B5A07</string>
				<string>518436D01C6D7717006B5A07</string>
				<string>51A6B6F81C788CFD0063902F</string>
				<string>515C56681C81181D00691220</string>
				<string>51B9B9DE1C58E2D1006156C2</string>
				<string>51A6B6F41C788BEC0063902F</string>
				<string>51A6B6F51C788BEC0063902F</string>
				<string>51B9B9D91C57F918006156C2</string>
				<string>51B9B9D71C57F674006156C2</string>
				<string>51B9B9CD1C57ECAB006156C2</string>
				<string>51B9B9D11C57EEC9006156C2</string>
				<string>51B9B9D31C57EED8006156C2</string>
			</array>
			<key>isa</key>
			<string>PBXGroup</string>
			<key>path</key>
			<string>Fixtures</string>
			<key>sourceTree</key>
			<string>&lt;group&gt;</string>
		</dict>
		<key>51B9B9CD1C57ECAB006156C2</key>
		<dict>
			<key>fileEncoding</key>
			<string>4</string>
			<key>isa</key>
			<string>PBXFileReference</string>
			<key>lastKnownFileType</key>
			<string>text</string>
			<key>path</key>
			<string>SimpleFile.txt</string>
			<key>sourceTree</key>
			<string>&lt;group&gt;</string>
		</dict>
		<key>51B9B9CE1C57ECAB006156C2</key>
		<dict>
			<key>fileRef</key>
			<string>51B9B9CD1C57ECAB006156C2</string>
			<key>isa</key>
			<string>PBXBuildFile</string>
		</dict>
		<key>51B9B9D11C57EEC9006156C2</key>
		<dict>
			<key>fileEncoding</key>
			<string>4</string>
			<key>isa</key>
			<string>PBXFileReference</string>
			<key>lastKnownFileType</key>
			<string>text.plist.xml</string>
			<key>path</key>
			<string>SimplePlistDictionary.plist</string>
			<key>sourceTree</key>
			<string>&lt;group&gt;</string>
		</dict>
		<key>51B9B9D21C57EEC9006156C2</key>
		<dict>
			<key>fileRef</key>
			<string>51B9B9D11C57EEC9006156C2</string>
			<key>isa</key>
			<string>PBXBuildFile</string>
		</dict>
		<key>51B9B9D31C57EED8006156C2</key>
		<dict>
			<key>fileEncoding</key>
			<string>4</string>
			<key>isa</key>
			<string>PBXFileReference</string>
			<key>lastKnownFileType</key>
			<string>text.plist.xml</string>
			<key>path</key>
			<string>SimplePlistArray.plist</string>
			<key>sourceTree</key>
			<string>&lt;group&gt;</string>
		</dict>
		<key>51B9B9D41C57EED8006156C2</key>
		<dict>
			<key>fileRef</key>
			<string>51B9B9D31C57EED8006156C2</string>
			<key>isa</key>
			<string>PBXBuildFile</string>
		</dict>
		<key>51B9B9D51C57F5D3006156C2</key>
		<dict>
			<key>fileEncoding</key>
			<string>4</string>
			<key>isa</key>
			<string>PBXFileReference</string>
			<key>lastKnownFileType</key>
			<string>sourcecode.c.objc</string>
			<key>path</key>
			<string>BKRTestCaseFilePathHelperTestCase.m</string>
			<key>sourceTree</key>
			<string>&lt;group&gt;</string>
		</dict>
		<key>51B9B9D61C57F5D3006156C2</key>
		<dict>
			<key>fileRef</key>
			<string>51B9B9D51C57F5D3006156C2</string>
			<key>isa</key>
			<string>PBXBuildFile</string>
		</dict>
		<key>51B9B9D71C57F674006156C2</key>
		<dict>
			<key>isa</key>
			<string>PBXFileReference</string>
			<key>lastKnownFileType</key>
			<string>wrapper.plug-in</string>
			<key>path</key>
			<string>BKRTestCaseFilePathHelperTestCase.bundle</string>
			<key>sourceTree</key>
			<string>&lt;group&gt;</string>
		</dict>
		<key>51B9B9D81C57F674006156C2</key>
		<dict>
			<key>fileRef</key>
			<string>51B9B9D71C57F674006156C2</string>
			<key>isa</key>
			<string>PBXBuildFile</string>
		</dict>
		<key>51B9B9D91C57F918006156C2</key>
		<dict>
			<key>isa</key>
			<string>PBXFileReference</string>
			<key>lastKnownFileType</key>
			<string>wrapper.plug-in</string>
			<key>path</key>
			<string>SimpleBundle.bundle</string>
			<key>sourceTree</key>
			<string>&lt;group&gt;</string>
		</dict>
		<key>51B9B9DA1C57F918006156C2</key>
		<dict>
			<key>fileRef</key>
			<string>51B9B9D91C57F918006156C2</string>
			<key>isa</key>
			<string>PBXBuildFile</string>
		</dict>
		<key>51B9B9DB1C58211A006156C2</key>
		<dict>
			<key>fileEncoding</key>
			<string>4</string>
			<key>isa</key>
			<string>PBXFileReference</string>
			<key>lastKnownFileType</key>
			<string>sourcecode.c.objc</string>
			<key>path</key>
			<string>BKRDefaultTestCase.m</string>
			<key>sourceTree</key>
			<string>&lt;group&gt;</string>
		</dict>
		<key>51B9B9DC1C58211A006156C2</key>
		<dict>
			<key>fileRef</key>
			<string>51B9B9DB1C58211A006156C2</string>
			<key>isa</key>
			<string>PBXBuildFile</string>
		</dict>
		<key>51B9B9DE1C58E2D1006156C2</key>
		<dict>
			<key>isa</key>
			<string>PBXFileReference</string>
			<key>lastKnownFileType</key>
			<string>text</string>
			<key>path</key>
			<string>NotInATarget.txt</string>
			<key>sourceTree</key>
			<string>&lt;group&gt;</string>
		</dict>
		<key>51B9B9DF1C598572006156C2</key>
		<dict>
			<key>fileEncoding</key>
			<string>4</string>
			<key>isa</key>
			<string>PBXFileReference</string>
			<key>lastKnownFileType</key>
			<string>sourcecode.c.objc</string>
			<key>path</key>
			<string>BKRVCRTestCase.m</string>
			<key>sourceTree</key>
			<string>&lt;group&gt;</string>
		</dict>
		<key>51B9B9E01C598572006156C2</key>
		<dict>
			<key>fileRef</key>
			<string>51B9B9DF1C598572006156C2</string>
			<key>isa</key>
			<string>PBXBuildFile</string>
		</dict>
		<key>51B9BA041C59FFE8006156C2</key>
		<dict>
			<key>fileEncoding</key>
			<string>4</string>
			<key>isa</key>
			<string>PBXFileReference</string>
			<key>lastKnownFileType</key>
			<string>sourcecode.c.objc</string>
			<key>path</key>
			<string>BKRCassetteTestCase.m</string>
			<key>sourceTree</key>
			<string>&lt;group&gt;</string>
		</dict>
		<key>51B9BA051C59FFE8006156C2</key>
		<dict>
			<key>fileRef</key>
			<string>51B9BA041C59FFE8006156C2</string>
			<key>isa</key>
			<string>PBXBuildFile</string>
		</dict>
		<key>51CEB9D11C4EBF000030A02D</key>
		<dict>
			<key>children</key>
			<array>
				<string>51CEB9D21C4EBF000030A02D</string>
				<string>51B9B95A1C52FA35006156C2</string>
				<string>518436C01C6D1A4B006B5A07</string>
				<string>975674DF1C72C88300922EC6</string>
				<string>51B9BA041C59FFE8006156C2</string>
				<string>51B9B9C61C57E802006156C2</string>
				<string>515C56611C7FF7FB00691220</string>
				<string>51B9B9D51C57F5D3006156C2</string>
				<string>51B9B9DB1C58211A006156C2</string>
				<string>515C56371C7EDE1100691220</string>
				<string>51AFECDD1C98872800AF6670</string>
				<string>515C56391C7EDE1B00691220</string>
				<string>51A6B6FA1C7AE3A20063902F</string>
				<string>51B9B9DF1C598572006156C2</string>
				<string>51A668C21C83D1C200476A5F</string>
			</array>
			<key>isa</key>
			<string>PBXGroup</string>
			<key>path</key>
			<string>TestCases</string>
			<key>sourceTree</key>
			<string>&lt;group&gt;</string>
		</dict>
		<key>51CEB9D21C4EBF000030A02D</key>
		<dict>
			<key>fileEncoding</key>
			<string>4</string>
			<key>isa</key>
			<string>PBXFileReference</string>
			<key>lastKnownFileType</key>
			<string>sourcecode.c.objc</string>
			<key>path</key>
			<string>BKRRecordingTestCase.m</string>
			<key>sourceTree</key>
			<string>&lt;group&gt;</string>
		</dict>
		<key>51CEB9D31C4EBF000030A02D</key>
		<dict>
			<key>fileRef</key>
			<string>51CEB9D21C4EBF000030A02D</string>
			<key>isa</key>
			<string>PBXBuildFile</string>
		</dict>
		<key>51CEB9D41C4F034D0030A02D</key>
		<dict>
			<key>children</key>
			<array>
				<string>515E35FF1C73B40B00058D74</string>
				<string>515E36001C73B40B00058D74</string>
				<string>515C56651C7FF82400691220</string>
				<string>515C56661C7FF82400691220</string>
				<string>51B9B9741C55F8C9006156C2</string>
				<string>51B9B9751C55F8C9006156C2</string>
			</array>
			<key>isa</key>
			<string>PBXGroup</string>
			<key>path</key>
			<string>Helpers</string>
			<key>sourceTree</key>
			<string>&lt;group&gt;</string>
		</dict>
		<key>5EC1504EB70BFA38F3CA6049</key>
		<dict>
			<key>includeInIndex</key>
			<string>1</string>
			<key>isa</key>
			<string>PBXFileReference</string>
			<key>lastKnownFileType</key>
			<string>text.xcconfig</string>
			<key>name</key>
			<string>Pods-BKR-Tests-OSX-ObjC.debug.xcconfig</string>
			<key>path</key>
			<string>../Pods/Target Support Files/Pods-BKR-Tests-OSX-ObjC/Pods-BKR-Tests-OSX-ObjC.debug.xcconfig</string>
			<key>sourceTree</key>
			<string>&lt;group&gt;</string>
		</dict>
		<key>6003F581195388D10070C39A</key>
		<dict>
			<key>children</key>
			<array>
				<string>60FF7A9C1954A5C5007DD14C</string>
				<string>6003F5B5195388D20070C39A</string>
				<string>51B9B93B1C50D448006156C2</string>
				<string>6003F58C195388D20070C39A</string>
				<string>6003F58B195388D20070C39A</string>
				<string>8DA139DAA742FC7E6914B9AF</string>
			</array>
			<key>isa</key>
			<string>PBXGroup</string>
			<key>sourceTree</key>
			<string>&lt;group&gt;</string>
		</dict>
		<key>6003F582195388D10070C39A</key>
		<dict>
			<key>attributes</key>
			<dict>
				<key>CLASSPREFIX</key>
				<string>BKR</string>
				<key>LastUpgradeCheck</key>
				<string>0720</string>
				<key>ORGANIZATIONNAME</key>
				<string>Jordan Zucker</string>
				<key>TargetAttributes</key>
				<dict>
					<key>51B9B9391C50D448006156C2</key>
					<dict>
						<key>CreatedOnToolsVersion</key>
						<string>7.2</string>
					</dict>
					<key>6003F5AD195388D20070C39A</key>
					<dict>
						<key>TestTargetID</key>
						<string>6003F589195388D20070C39A</string>
					</dict>
				</dict>
			</dict>
			<key>buildConfigurationList</key>
			<string>6003F585195388D10070C39A</string>
			<key>compatibilityVersion</key>
			<string>Xcode 3.2</string>
			<key>developmentRegion</key>
			<string>English</string>
			<key>hasScannedForEncodings</key>
			<string>0</string>
			<key>isa</key>
			<string>PBXProject</string>
			<key>knownRegions</key>
			<array>
				<string>en</string>
				<string>Base</string>
			</array>
			<key>mainGroup</key>
			<string>6003F581195388D10070C39A</string>
			<key>productRefGroup</key>
			<string>6003F58B195388D20070C39A</string>
			<key>projectDirPath</key>
			<string></string>
			<key>projectReferences</key>
			<array/>
			<key>projectRoot</key>
			<string></string>
			<key>targets</key>
			<array>
				<string>6003F5AD195388D20070C39A</string>
				<string>51B9B9391C50D448006156C2</string>
			</array>
		</dict>
		<key>6003F585195388D10070C39A</key>
		<dict>
			<key>buildConfigurations</key>
			<array>
				<string>6003F5BD195388D20070C39A</string>
				<string>6003F5BE195388D20070C39A</string>
			</array>
			<key>defaultConfigurationIsVisible</key>
			<string>0</string>
			<key>defaultConfigurationName</key>
			<string>Release</string>
			<key>isa</key>
			<string>XCConfigurationList</string>
		</dict>
		<key>6003F58B195388D20070C39A</key>
		<dict>
			<key>children</key>
			<array>
				<string>6003F5AE195388D20070C39A</string>
				<string>51B9B93A1C50D448006156C2</string>
			</array>
			<key>isa</key>
			<string>PBXGroup</string>
			<key>name</key>
			<string>Products</string>
			<key>sourceTree</key>
			<string>&lt;group&gt;</string>
		</dict>
		<key>6003F58C195388D20070C39A</key>
		<dict>
			<key>children</key>
			<array>
				<string>6003F58D195388D20070C39A</string>
				<string>6003F58F195388D20070C39A</string>
				<string>6003F591195388D20070C39A</string>
				<string>6003F5AF195388D20070C39A</string>
				<string>4D2A9743CBA46BB14A7BC2BF</string>
				<string>EB34CEC2843B69968024933A</string>
			</array>
			<key>isa</key>
			<string>PBXGroup</string>
			<key>name</key>
			<string>Frameworks</string>
			<key>sourceTree</key>
			<string>&lt;group&gt;</string>
		</dict>
		<key>6003F58D195388D20070C39A</key>
		<dict>
			<key>isa</key>
			<string>PBXFileReference</string>
			<key>lastKnownFileType</key>
			<string>wrapper.framework</string>
			<key>name</key>
			<string>Foundation.framework</string>
			<key>path</key>
			<string>System/Library/Frameworks/Foundation.framework</string>
			<key>sourceTree</key>
			<string>SDKROOT</string>
		</dict>
		<key>6003F58F195388D20070C39A</key>
		<dict>
			<key>isa</key>
			<string>PBXFileReference</string>
			<key>lastKnownFileType</key>
			<string>wrapper.framework</string>
			<key>name</key>
			<string>CoreGraphics.framework</string>
			<key>path</key>
			<string>System/Library/Frameworks/CoreGraphics.framework</string>
			<key>sourceTree</key>
			<string>SDKROOT</string>
		</dict>
		<key>6003F591195388D20070C39A</key>
		<dict>
			<key>isa</key>
			<string>PBXFileReference</string>
			<key>lastKnownFileType</key>
			<string>wrapper.framework</string>
			<key>name</key>
			<string>UIKit.framework</string>
			<key>path</key>
			<string>System/Library/Frameworks/UIKit.framework</string>
			<key>sourceTree</key>
			<string>SDKROOT</string>
		</dict>
		<key>6003F5AA195388D20070C39A</key>
		<dict>
			<key>buildActionMask</key>
			<string>2147483647</string>
			<key>files</key>
			<array>
				<string>515C56671C7FF82400691220</string>
				<string>51B9BA051C59FFE8006156C2</string>
				<string>518436C11C6D1A4B006B5A07</string>
				<string>51CEB9D31C4EBF000030A02D</string>
				<string>975674E01C72C88300922EC6</string>
				<string>51B9B9C71C57E802006156C2</string>
				<string>51A6B6FB1C7AE3A20063902F</string>
				<string>51AFECDE1C98872800AF6670</string>
				<string>515C563A1C7EDE1B00691220</string>
				<string>515C56621C7FF7FB00691220</string>
				<string>515E36011C73B40B00058D74</string>
				<string>51A668C31C83D1C200476A5F</string>
				<string>51B9B95B1C52FA35006156C2</string>
				<string>51B9B9E01C598572006156C2</string>
				<string>51B9B9761C55F8C9006156C2</string>
				<string>515C56381C7EDE1100691220</string>
				<string>51B9B9D61C57F5D3006156C2</string>
				<string>51B9B9DC1C58211A006156C2</string>
			</array>
			<key>isa</key>
			<string>PBXSourcesBuildPhase</string>
			<key>runOnlyForDeploymentPostprocessing</key>
			<string>0</string>
		</dict>
		<key>6003F5AB195388D20070C39A</key>
		<dict>
			<key>buildActionMask</key>
			<string>2147483647</string>
			<key>files</key>
			<array>
				<string>6003F5B0195388D20070C39A</string>
				<string>6003F5B2195388D20070C39A</string>
				<string>6003F5B1195388D20070C39A</string>
				<string>BE88A7BC19D0FF15F4CD5175</string>
			</array>
			<key>isa</key>
			<string>PBXFrameworksBuildPhase</string>
			<key>runOnlyForDeploymentPostprocessing</key>
			<string>0</string>
		</dict>
		<key>6003F5AC195388D20070C39A</key>
		<dict>
			<key>buildActionMask</key>
			<string>2147483647</string>
			<key>files</key>
			<array>
				<string>515C563C1C7EE50800691220</string>
				<string>51B9B9CE1C57ECAB006156C2</string>
				<string>51B9B9DA1C57F918006156C2</string>
				<string>518436D31C6D7717006B5A07</string>
				<string>51A6B6F61C788BEC0063902F</string>
				<string>515C56321C7E8B8800691220</string>
				<string>51A6B6F91C788CFD0063902F</string>
				<string>51B9B9D41C57EED8006156C2</string>
				<string>51A6B6F71C788BEC0063902F</string>
				<string>518436D51C6D7717006B5A07</string>
				<string>51A668C61C865FE900476A5F</string>
				<string>518436D21C6D7717006B5A07</string>
				<string>518436D11C6D7717006B5A07</string>
				<string>51062DF61CAEE98000656AC5</string>
				<string>518436D41C6D7717006B5A07</string>
				<string>515C56691C81181D00691220</string>
				<string>51B9B9D21C57EEC9006156C2</string>
				<string>6003F5BA195388D20070C39A</string>
				<string>51B9B9D81C57F674006156C2</string>
			</array>
			<key>isa</key>
			<string>PBXResourcesBuildPhase</string>
			<key>runOnlyForDeploymentPostprocessing</key>
			<string>0</string>
		</dict>
		<key>6003F5AD195388D20070C39A</key>
		<dict>
			<key>buildConfigurationList</key>
			<string>6003F5C2195388D20070C39A</string>
			<key>buildPhases</key>
			<array>
				<string>31335A312D267E6CE0D04599</string>
				<string>6003F5AA195388D20070C39A</string>
				<string>6003F5AB195388D20070C39A</string>
				<string>6003F5AC195388D20070C39A</string>
				<string>D4284AC20D420F1BFCEF9819</string>
				<string>1542F7361C8470327B11F598</string>
			</array>
			<key>buildRules</key>
			<array/>
			<key>dependencies</key>
			<array/>
			<key>isa</key>
			<string>PBXNativeTarget</string>
			<key>name</key>
			<string>BKR-Tests-iOS-ObjC</string>
			<key>productName</key>
			<string>BeKindRewindTests</string>
			<key>productReference</key>
			<string>6003F5AE195388D20070C39A</string>
			<key>productType</key>
			<string>com.apple.product-type.bundle.unit-test</string>
		</dict>
		<key>6003F5AE195388D20070C39A</key>
		<dict>
			<key>explicitFileType</key>
			<string>wrapper.cfbundle</string>
			<key>includeInIndex</key>
			<string>0</string>
			<key>isa</key>
			<string>PBXFileReference</string>
			<key>path</key>
			<string>BKR-Tests-iOS-ObjC.xctest</string>
			<key>sourceTree</key>
			<string>BUILT_PRODUCTS_DIR</string>
		</dict>
		<key>6003F5AF195388D20070C39A</key>
		<dict>
			<key>isa</key>
			<string>PBXFileReference</string>
			<key>lastKnownFileType</key>
			<string>wrapper.framework</string>
			<key>name</key>
			<string>XCTest.framework</string>
			<key>path</key>
			<string>Library/Frameworks/XCTest.framework</string>
			<key>sourceTree</key>
			<string>DEVELOPER_DIR</string>
		</dict>
		<key>6003F5B0195388D20070C39A</key>
		<dict>
			<key>fileRef</key>
			<string>6003F5AF195388D20070C39A</string>
			<key>isa</key>
			<string>PBXBuildFile</string>
		</dict>
		<key>6003F5B1195388D20070C39A</key>
		<dict>
			<key>fileRef</key>
			<string>6003F58D195388D20070C39A</string>
			<key>isa</key>
			<string>PBXBuildFile</string>
		</dict>
		<key>6003F5B2195388D20070C39A</key>
		<dict>
			<key>fileRef</key>
			<string>6003F591195388D20070C39A</string>
			<key>isa</key>
			<string>PBXBuildFile</string>
		</dict>
		<key>6003F5B5195388D20070C39A</key>
		<dict>
			<key>children</key>
			<array>
				<string>51CEB9D11C4EBF000030A02D</string>
				<string>51CEB9D41C4F034D0030A02D</string>
				<string>51B9B9CC1C57EA46006156C2</string>
				<string>6003F5B6195388D20070C39A</string>
			</array>
			<key>isa</key>
			<string>PBXGroup</string>
			<key>path</key>
			<string>Tests</string>
			<key>sourceTree</key>
			<string>&lt;group&gt;</string>
		</dict>
		<key>6003F5B6195388D20070C39A</key>
		<dict>
			<key>children</key>
			<array>
				<string>6003F5B7195388D20070C39A</string>
				<string>6003F5B8195388D20070C39A</string>
				<string>606FC2411953D9B200FFA9A0</string>
			</array>
			<key>isa</key>
			<string>PBXGroup</string>
			<key>name</key>
			<string>Supporting Files</string>
			<key>sourceTree</key>
			<string>&lt;group&gt;</string>
		</dict>
		<key>6003F5B7195388D20070C39A</key>
		<dict>
			<key>isa</key>
			<string>PBXFileReference</string>
			<key>lastKnownFileType</key>
			<string>text.plist.xml</string>
			<key>path</key>
			<string>Tests-Info.plist</string>
			<key>sourceTree</key>
			<string>&lt;group&gt;</string>
		</dict>
		<key>6003F5B8195388D20070C39A</key>
		<dict>
			<key>children</key>
			<array>
				<string>6003F5B9195388D20070C39A</string>
			</array>
			<key>isa</key>
			<string>PBXVariantGroup</string>
			<key>name</key>
			<string>InfoPlist.strings</string>
			<key>sourceTree</key>
			<string>&lt;group&gt;</string>
		</dict>
		<key>6003F5B9195388D20070C39A</key>
		<dict>
			<key>isa</key>
			<string>PBXFileReference</string>
			<key>lastKnownFileType</key>
			<string>text.plist.strings</string>
			<key>name</key>
			<string>en</string>
			<key>path</key>
			<string>en.lproj/InfoPlist.strings</string>
			<key>sourceTree</key>
			<string>&lt;group&gt;</string>
		</dict>
		<key>6003F5BA195388D20070C39A</key>
		<dict>
			<key>fileRef</key>
			<string>6003F5B8195388D20070C39A</string>
			<key>isa</key>
			<string>PBXBuildFile</string>
		</dict>
		<key>6003F5BD195388D20070C39A</key>
		<dict>
			<key>buildSettings</key>
			<dict>
				<key>ALWAYS_SEARCH_USER_PATHS</key>
				<string>NO</string>
				<key>CLANG_CXX_LANGUAGE_STANDARD</key>
				<string>gnu++0x</string>
				<key>CLANG_CXX_LIBRARY</key>
				<string>libc++</string>
				<key>CLANG_ENABLE_MODULES</key>
				<string>YES</string>
				<key>CLANG_ENABLE_OBJC_ARC</key>
				<string>YES</string>
				<key>CLANG_WARN_BOOL_CONVERSION</key>
				<string>YES</string>
				<key>CLANG_WARN_CONSTANT_CONVERSION</key>
				<string>YES</string>
				<key>CLANG_WARN_DIRECT_OBJC_ISA_USAGE</key>
				<string>YES_ERROR</string>
				<key>CLANG_WARN_EMPTY_BODY</key>
				<string>YES</string>
				<key>CLANG_WARN_ENUM_CONVERSION</key>
				<string>YES</string>
				<key>CLANG_WARN_INT_CONVERSION</key>
				<string>YES</string>
				<key>CLANG_WARN_OBJC_ROOT_CLASS</key>
				<string>YES_ERROR</string>
				<key>CLANG_WARN__DUPLICATE_METHOD_MATCH</key>
				<string>YES</string>
				<key>CODE_SIGN_IDENTITY[sdk=iphoneos*]</key>
				<string>iPhone Developer</string>
				<key>COPY_PHASE_STRIP</key>
				<string>NO</string>
				<key>ENABLE_TESTABILITY</key>
				<string>YES</string>
				<key>GCC_C_LANGUAGE_STANDARD</key>
				<string>gnu99</string>
				<key>GCC_DYNAMIC_NO_PIC</key>
				<string>NO</string>
				<key>GCC_OPTIMIZATION_LEVEL</key>
				<string>0</string>
				<key>GCC_PREPROCESSOR_DEFINITIONS</key>
				<array>
					<string>DEBUG=1</string>
					<string>$(inherited)</string>
				</array>
				<key>GCC_SYMBOLS_PRIVATE_EXTERN</key>
				<string>NO</string>
				<key>GCC_WARN_64_TO_32_BIT_CONVERSION</key>
				<string>YES</string>
				<key>GCC_WARN_ABOUT_RETURN_TYPE</key>
				<string>YES_ERROR</string>
				<key>GCC_WARN_UNDECLARED_SELECTOR</key>
				<string>YES</string>
				<key>GCC_WARN_UNINITIALIZED_AUTOS</key>
				<string>YES_AGGRESSIVE</string>
				<key>GCC_WARN_UNUSED_FUNCTION</key>
				<string>YES</string>
				<key>GCC_WARN_UNUSED_VARIABLE</key>
				<string>YES</string>
				<key>IPHONEOS_DEPLOYMENT_TARGET</key>
				<string>8.0</string>
				<key>ONLY_ACTIVE_ARCH</key>
				<string>YES</string>
				<key>SDKROOT</key>
				<string>iphoneos</string>
				<key>TARGETED_DEVICE_FAMILY</key>
				<string>1,2</string>
			</dict>
			<key>isa</key>
			<string>XCBuildConfiguration</string>
			<key>name</key>
			<string>Debug</string>
		</dict>
		<key>6003F5BE195388D20070C39A</key>
		<dict>
			<key>buildSettings</key>
			<dict>
				<key>ALWAYS_SEARCH_USER_PATHS</key>
				<string>NO</string>
				<key>CLANG_CXX_LANGUAGE_STANDARD</key>
				<string>gnu++0x</string>
				<key>CLANG_CXX_LIBRARY</key>
				<string>libc++</string>
				<key>CLANG_ENABLE_MODULES</key>
				<string>YES</string>
				<key>CLANG_ENABLE_OBJC_ARC</key>
				<string>YES</string>
				<key>CLANG_WARN_BOOL_CONVERSION</key>
				<string>YES</string>
				<key>CLANG_WARN_CONSTANT_CONVERSION</key>
				<string>YES</string>
				<key>CLANG_WARN_DIRECT_OBJC_ISA_USAGE</key>
				<string>YES_ERROR</string>
				<key>CLANG_WARN_EMPTY_BODY</key>
				<string>YES</string>
				<key>CLANG_WARN_ENUM_CONVERSION</key>
				<string>YES</string>
				<key>CLANG_WARN_INT_CONVERSION</key>
				<string>YES</string>
				<key>CLANG_WARN_OBJC_ROOT_CLASS</key>
				<string>YES_ERROR</string>
				<key>CLANG_WARN__DUPLICATE_METHOD_MATCH</key>
				<string>YES</string>
				<key>CODE_SIGN_IDENTITY[sdk=iphoneos*]</key>
				<string>iPhone Developer</string>
				<key>COPY_PHASE_STRIP</key>
				<string>YES</string>
				<key>ENABLE_NS_ASSERTIONS</key>
				<string>NO</string>
				<key>GCC_C_LANGUAGE_STANDARD</key>
				<string>gnu99</string>
				<key>GCC_WARN_64_TO_32_BIT_CONVERSION</key>
				<string>YES</string>
				<key>GCC_WARN_ABOUT_RETURN_TYPE</key>
				<string>YES_ERROR</string>
				<key>GCC_WARN_UNDECLARED_SELECTOR</key>
				<string>YES</string>
				<key>GCC_WARN_UNINITIALIZED_AUTOS</key>
				<string>YES_AGGRESSIVE</string>
				<key>GCC_WARN_UNUSED_FUNCTION</key>
				<string>YES</string>
				<key>GCC_WARN_UNUSED_VARIABLE</key>
				<string>YES</string>
				<key>IPHONEOS_DEPLOYMENT_TARGET</key>
				<string>8.0</string>
				<key>SDKROOT</key>
				<string>iphoneos</string>
				<key>TARGETED_DEVICE_FAMILY</key>
				<string>1,2</string>
				<key>VALIDATE_PRODUCT</key>
				<string>YES</string>
			</dict>
			<key>isa</key>
			<string>XCBuildConfiguration</string>
			<key>name</key>
			<string>Release</string>
		</dict>
		<key>6003F5C2195388D20070C39A</key>
		<dict>
			<key>buildConfigurations</key>
			<array>
				<string>6003F5C3195388D20070C39A</string>
				<string>6003F5C4195388D20070C39A</string>
			</array>
			<key>defaultConfigurationIsVisible</key>
			<string>0</string>
			<key>defaultConfigurationName</key>
			<string>Release</string>
			<key>isa</key>
			<string>XCConfigurationList</string>
		</dict>
		<key>6003F5C3195388D20070C39A</key>
		<dict>
			<key>baseConfigurationReference</key>
			<string>2CF67F92036653091FE00952</string>
			<key>buildSettings</key>
			<dict>
				<key>FRAMEWORK_SEARCH_PATHS</key>
				<string>$(inherited)</string>
				<key>GCC_PRECOMPILE_PREFIX_HEADER</key>
				<string>YES</string>
				<key>GCC_PREFIX_HEADER</key>
				<string>Tests/Tests-Prefix.pch</string>
				<key>GCC_PREPROCESSOR_DEFINITIONS</key>
				<array>
					<string>DEBUG=1</string>
					<string>$(inherited)</string>
				</array>
				<key>INFOPLIST_FILE</key>
				<string>Tests/Tests-Info.plist</string>
				<key>PRODUCT_BUNDLE_IDENTIFIER</key>
				<string>org.cocoapods.demo.${PRODUCT_NAME:rfc1034identifier}</string>
				<key>PRODUCT_NAME</key>
				<string>$(TARGET_NAME)</string>
				<key>TEST_HOST</key>
				<string></string>
				<key>WRAPPER_EXTENSION</key>
				<string>xctest</string>
			</dict>
			<key>isa</key>
			<string>XCBuildConfiguration</string>
			<key>name</key>
			<string>Debug</string>
		</dict>
		<key>6003F5C4195388D20070C39A</key>
		<dict>
			<key>baseConfigurationReference</key>
			<string>B2F2E8991BAD87848E61E67B</string>
			<key>buildSettings</key>
			<dict>
				<key>FRAMEWORK_SEARCH_PATHS</key>
				<string>$(inherited)</string>
				<key>GCC_PRECOMPILE_PREFIX_HEADER</key>
				<string>YES</string>
				<key>GCC_PREFIX_HEADER</key>
				<string>Tests/Tests-Prefix.pch</string>
				<key>INFOPLIST_FILE</key>
				<string>Tests/Tests-Info.plist</string>
				<key>PRODUCT_BUNDLE_IDENTIFIER</key>
				<string>org.cocoapods.demo.${PRODUCT_NAME:rfc1034identifier}</string>
				<key>PRODUCT_NAME</key>
				<string>$(TARGET_NAME)</string>
				<key>TEST_HOST</key>
				<string></string>
				<key>WRAPPER_EXTENSION</key>
				<string>xctest</string>
			</dict>
			<key>isa</key>
			<string>XCBuildConfiguration</string>
			<key>name</key>
			<string>Release</string>
		</dict>
		<key>606FC2411953D9B200FFA9A0</key>
		<dict>
			<key>isa</key>
			<string>PBXFileReference</string>
			<key>lastKnownFileType</key>
			<string>sourcecode.c.h</string>
			<key>path</key>
			<string>Tests-Prefix.pch</string>
			<key>sourceTree</key>
			<string>&lt;group&gt;</string>
		</dict>
		<key>60FF7A9C1954A5C5007DD14C</key>
		<dict>
			<key>children</key>
			<array>
				<string>46FDC6D62117BCC2DBD07745</string>
				<string>B1C68C7F9CE15058CBF4F59A</string>
				<string>51062DB31CAD8CF200656AC5</string>
				<string>2ABA0ED2BAFDF50ADCC348D3</string>
			</array>
			<key>isa</key>
			<string>PBXGroup</string>
			<key>name</key>
			<string>Podspec Metadata</string>
			<key>sourceTree</key>
			<string>&lt;group&gt;</string>
		</dict>
		<key>8DA139DAA742FC7E6914B9AF</key>
		<dict>
			<key>children</key>
			<array>
				<string>5EC1504EB70BFA38F3CA6049</string>
				<string>C4B6C73ABA6204D935C810C1</string>
				<string>2CF67F92036653091FE00952</string>
				<string>B2F2E8991BAD87848E61E67B</string>
			</array>
			<key>isa</key>
			<string>PBXGroup</string>
			<key>name</key>
			<string>Pods</string>
			<key>sourceTree</key>
			<string>&lt;group&gt;</string>
		</dict>
		<key>932A9B0ED138941B490572C9</key>
		<dict>
			<key>fileRef</key>
			<string>EB34CEC2843B69968024933A</string>
			<key>isa</key>
			<string>PBXBuildFile</string>
		</dict>
		<key>975674DF1C72C88300922EC6</key>
		<dict>
			<key>fileEncoding</key>
			<string>4</string>
			<key>isa</key>
			<string>PBXFileReference</string>
			<key>lastKnownFileType</key>
			<string>sourcecode.c.objc</string>
			<key>path</key>
			<string>BKRRecordableVCRTestCase.m</string>
			<key>sourceTree</key>
			<string>&lt;group&gt;</string>
		</dict>
		<key>975674E01C72C88300922EC6</key>
		<dict>
			<key>fileRef</key>
			<string>975674DF1C72C88300922EC6</string>
			<key>isa</key>
			<string>PBXBuildFile</string>
		</dict>
		<key>AD56995300BE85B38547541B</key>
		<dict>
			<key>buildActionMask</key>
			<string>2147483647</string>
			<key>files</key>
			<array/>
			<key>inputPaths</key>
			<array/>
			<key>isa</key>
			<string>PBXShellScriptBuildPhase</string>
			<key>name</key>
			<string>Embed Pods Frameworks</string>
			<key>outputPaths</key>
			<array/>
			<key>runOnlyForDeploymentPostprocessing</key>
			<string>0</string>
			<key>shellPath</key>
			<string>/bin/sh</string>
			<key>shellScript</key>
			<string>"${SRCROOT}/../Pods/Target Support Files/Pods-BKR-Tests-OSX-ObjC/Pods-BKR-Tests-OSX-ObjC-frameworks.sh"
</string>
			<key>showEnvVarsInLog</key>
			<string>0</string>
		</dict>
		<key>B1C68C7F9CE15058CBF4F59A</key>
		<dict>
			<key>includeInIndex</key>
			<string>1</string>
			<key>isa</key>
			<string>PBXFileReference</string>
			<key>lastKnownFileType</key>
			<string>net.daringfireball.markdown</string>
			<key>name</key>
			<string>README.md</string>
			<key>path</key>
			<string>../README.md</string>
			<key>sourceTree</key>
			<string>&lt;group&gt;</string>
		</dict>
		<key>B2F2E8991BAD87848E61E67B</key>
		<dict>
			<key>includeInIndex</key>
			<string>1</string>
			<key>isa</key>
			<string>PBXFileReference</string>
			<key>lastKnownFileType</key>
			<string>text.xcconfig</string>
			<key>name</key>
			<string>Pods-BKR-Tests-iOS-ObjC.release.xcconfig</string>
			<key>path</key>
			<string>../Pods/Target Support Files/Pods-BKR-Tests-iOS-ObjC/Pods-BKR-Tests-iOS-ObjC.release.xcconfig</string>
			<key>sourceTree</key>
			<string>&lt;group&gt;</string>
		</dict>
		<key>B7046997524CCC2D7C41AE0E</key>
		<dict>
			<key>buildActionMask</key>
			<string>2147483647</string>
			<key>files</key>
			<array/>
			<key>inputPaths</key>
			<array/>
			<key>isa</key>
			<string>PBXShellScriptBuildPhase</string>
			<key>name</key>
			<string>Copy Pods Resources</string>
			<key>outputPaths</key>
			<array/>
			<key>runOnlyForDeploymentPostprocessing</key>
			<string>0</string>
			<key>shellPath</key>
			<string>/bin/sh</string>
			<key>shellScript</key>
			<string>"${SRCROOT}/../Pods/Target Support Files/Pods-BKR-Tests-OSX-ObjC/Pods-BKR-Tests-OSX-ObjC-resources.sh"
</string>
			<key>showEnvVarsInLog</key>
			<string>0</string>
		</dict>
		<key>BE88A7BC19D0FF15F4CD5175</key>
		<dict>
			<key>fileRef</key>
			<string>4D2A9743CBA46BB14A7BC2BF</string>
			<key>isa</key>
			<string>PBXBuildFile</string>
		</dict>
		<key>C4B6C73ABA6204D935C810C1</key>
		<dict>
			<key>includeInIndex</key>
			<string>1</string>
			<key>isa</key>
			<string>PBXFileReference</string>
			<key>lastKnownFileType</key>
			<string>text.xcconfig</string>
			<key>name</key>
			<string>Pods-BKR-Tests-OSX-ObjC.release.xcconfig</string>
			<key>path</key>
			<string>../Pods/Target Support Files/Pods-BKR-Tests-OSX-ObjC/Pods-BKR-Tests-OSX-ObjC.release.xcconfig</string>
			<key>sourceTree</key>
			<string>&lt;group&gt;</string>
		</dict>
		<key>D4284AC20D420F1BFCEF9819</key>
		<dict>
			<key>buildActionMask</key>
			<string>2147483647</string>
			<key>files</key>
			<array/>
			<key>inputPaths</key>
			<array/>
			<key>isa</key>
			<string>PBXShellScriptBuildPhase</string>
			<key>name</key>
			<string>Embed Pods Frameworks</string>
			<key>outputPaths</key>
			<array/>
			<key>runOnlyForDeploymentPostprocessing</key>
			<string>0</string>
			<key>shellPath</key>
			<string>/bin/sh</string>
			<key>shellScript</key>
			<string>"${SRCROOT}/../Pods/Target Support Files/Pods-BKR-Tests-iOS-ObjC/Pods-BKR-Tests-iOS-ObjC-frameworks.sh"
</string>
			<key>showEnvVarsInLog</key>
			<string>0</string>
		</dict>
		<key>EB34CEC2843B69968024933A</key>
		<dict>
			<key>explicitFileType</key>
			<string>wrapper.framework</string>
			<key>includeInIndex</key>
			<string>0</string>
			<key>isa</key>
			<string>PBXFileReference</string>
			<key>path</key>
			<string>Pods_BKR_Tests_OSX_ObjC.framework</string>
			<key>sourceTree</key>
			<string>BUILT_PRODUCTS_DIR</string>
		</dict>
		<key>F9824C150467B91D2DE9C94E</key>
		<dict>
			<key>buildActionMask</key>
			<string>2147483647</string>
			<key>files</key>
			<array/>
			<key>inputPaths</key>
			<array/>
			<key>isa</key>
			<string>PBXShellScriptBuildPhase</string>
			<key>name</key>
			<string>Check Pods Manifest.lock</string>
			<key>outputPaths</key>
			<array/>
			<key>runOnlyForDeploymentPostprocessing</key>
			<string>0</string>
			<key>shellPath</key>
			<string>/bin/sh</string>
			<key>shellScript</key>
			<string>diff "${PODS_ROOT}/../Podfile.lock" "${PODS_ROOT}/Manifest.lock" &gt; /dev/null
if [[ $? != 0 ]] ; then
    cat &lt;&lt; EOM
error: The sandbox is not in sync with the Podfile.lock. Run 'pod install' or update your CocoaPods installation.
EOM
    exit 1
fi
</string>
			<key>showEnvVarsInLog</key>
			<string>0</string>
		</dict>
	</dict>
	<key>rootObject</key>
	<string>6003F582195388D10070C39A</string>
</dict>
</plist>
